
Microsoft Visual Studio Solution File, Format Version 12.00
# Visual Studio 15
Project("{FAE04EC0-301F-11D3-BF4B-00C04F79EFBC}") = "Unity.TextMeshPro.Editor", "Unity.TextMeshPro.Editor.csproj", "{1171B601-6E9A-C5A5-41DA-89728583CB2E}"
EndProject
Project("{FAE04EC0-301F-11D3-BF4B-00C04F79EFBC}") = "Unity.Burst", "Unity.Burst.csproj", "{A103607C-56AD-04DA-48B9-74EC02B79E3C}"
EndProject
Project("{FAE04EC0-301F-11D3-BF4B-00C04F79EFBC}") = "Unity.Serialization", "Unity.Serialization.csproj", "{8004D630-AE38-E409-4742-D7E10F2E7030}"
EndProject
Project("{FAE04EC0-301F-11D3-BF4B-00C04F79EFBC}") = "UnityEngine.TestRunner", "UnityEngine.TestRunner.csproj", "{C089CBA0-5CE3-56BF-8E71-9AE6260D33C2}"
EndProject
Project("{FAE04EC0-301F-11D3-BF4B-00C04F79EFBC}") = "Unity.Mathematics", "Unity.Mathematics.csproj", "{7CCD1C45-9F60-27A4-F6AD-4882E7A5500A}"
EndProject
Project("{FAE04EC0-301F-11D3-BF4B-00C04F79EFBC}") = "Shared", "Shared.csproj", "{A975588F-D6A1-F07A-5B5F-722795E106CC}"
EndProject
Project("{FAE04EC0-301F-11D3-BF4B-00C04F79EFBC}") = "Unity.Collections", "Unity.Collections.csproj", "{7DA21165-20D6-6371-4E92-A3295BDBF907}"
EndProject
Project("{FAE04EC0-301F-11D3-BF4B-00C04F79EFBC}") = "UnityEditor.TestRunner", "UnityEditor.TestRunner.csproj", "{B0F7AE6E-6C2F-7A4F-B603-04BE4D03FDD0}"
EndProject
Project("{FAE04EC0-301F-11D3-BF4B-00C04F79EFBC}") = "Unity.PerformanceTesting.Editor", "Unity.PerformanceTesting.Editor.csproj", "{135FD907-6EEA-1B91-E314-F5D6065CFCB8}"
EndProject
Project("{FAE04EC0-301F-11D3-BF4B-00C04F79EFBC}") = "LiteNetLib", "LiteNetLib.csproj", "{90CF8320-1373-5ACA-AA7C-749B05CAF167}"
EndProject
Project("{FAE04EC0-301F-11D3-BF4B-00C04F79EFBC}") = "Unity.TextMeshPro", "Unity.TextMeshPro.csproj", "{F54D7FFB-FD54-9309-CC66-F5619FCBDB93}"
EndProject
Project("{FAE04EC0-301F-11D3-BF4B-00C04F79EFBC}") = "Unity.VisualStudio.Editor", "Unity.VisualStudio.Editor.csproj", "{2FCCA98E-C032-4A2D-A761-29D965C8C4B5}"
EndProject
Project("{FAE04EC0-301F-11D3-BF4B-00C04F79EFBC}") = "Unity.Collections.Editor", "Unity.Collections.Editor.csproj", "{5144D990-8F7C-8549-C194-A396E079707E}"
EndProject
Project("{FAE04EC0-301F-11D3-BF4B-00C04F79EFBC}") = "Unity.PerformanceTesting", "Unity.PerformanceTesting.csproj", "{0CAC57ED-9D7C-92E8-FB63-1D4E8C9BA19A}"
EndProject
Project("{FAE04EC0-301F-11D3-BF4B-00C04F79EFBC}") = "Unity.Burst.CodeGen", "Unity.Burst.CodeGen.csproj", "{E00C3A57-9DE7-5299-0444-169D15516699}"
EndProject
Project("{FAE04EC0-301F-11D3-BF4B-00C04F79EFBC}") = "Unity.Burst.Editor", "Unity.Burst.Editor.csproj", "{EB85CB46-1435-7882-A16A-1B37669ECACD}"
EndProject
Project("{FAE04EC0-301F-11D3-BF4B-00C04F79EFBC}") = "Unity.Collections.CodeGen", "Unity.Collections.CodeGen.csproj", "{7A2920C8-EEF3-41A9-FF6C-3693B1FB092F}"
EndProject
Project("{FAE04EC0-301F-11D3-BF4B-00C04F79EFBC}") = "Client", "Client.csproj", "{AC547F74-056D-9A43-A934-84C5295DA664}"
EndProject
Project("{FAE04EC0-301F-11D3-BF4B-00C04F79EFBC}") = "Unity.Serialization.Editor", "Unity.Serialization.Editor.csproj", "{D7BFB5D8-AB51-620D-987C-114B994A3653}"
EndProject
Project("{FAE04EC0-301F-11D3-BF4B-00C04F79EFBC}") = "EditModeTests", "EditModeTests.csproj", "{ECBD35AE-1B2D-471C-CE37-2D98EC9BDC70}"
EndProject
Project("{FAE04EC0-301F-11D3-BF4B-00C04F79EFBC}") = "Unity.Mathematics.Editor", "Unity.Mathematics.Editor.csproj", "{52B7FA4D-6BFE-1B3D-8768-3305AB4C10C7}"
EndProject
Project("{FAE04EC0-301F-11D3-BF4B-00C04F79EFBC}") = "PlayModeTests", "PlayModeTests.csproj", "{F15A97F7-C2EB-99BD-A087-1CBD3394D248}"
EndProject
Project("{FAE04EC0-301F-11D3-BF4B-00C04F79EFBC}") = "Server", "Server\Server\Server\Server.csproj", "{F48E3529-5E3C-CA32-19C8-009A09C6CBBF}"
	ProjectSection(ProjectDependencies) = postProject
		{5C058A33-2925-B0D6-D225-A29FDC845B4C} = {5C058A33-2925-B0D6-D225-A29FDC845B4C}
	EndProjectSection
EndProject
Project("{FAE04EC0-301F-11D3-BF4B-00C04F79EFBC}") = "Shared_Lib", "Assets\Scripts\Shared\Shared_Lib.csproj", "{5C058A33-2925-B0D6-D225-A29FDC845B4C}"
EndProject
Global
	GlobalSection(SolutionConfigurationPlatforms) = preSolution
		Debug|Any CPU = Debug|Any CPU
		Release|Any CPU = Release|Any CPU
	EndGlobalSection
	GlobalSection(ProjectConfigurationPlatforms) = postSolution
		{1171B601-6E9A-C5A5-41DA-89728583CB2E}.Debug|Any CPU.ActiveCfg = Debug|Any CPU
		{1171B601-6E9A-C5A5-41DA-89728583CB2E}.Debug|Any CPU.Build.0 = Debug|Any CPU
		{1171B601-6E9A-C5A5-41DA-89728583CB2E}.Release|Any CPU.ActiveCfg = Release|Any CPU
		{1171B601-6E9A-C5A5-41DA-89728583CB2E}.Release|Any CPU.Build.0 = Release|Any CPU
		{A103607C-56AD-04DA-48B9-74EC02B79E3C}.Debug|Any CPU.ActiveCfg = Debug|Any CPU
		{A103607C-56AD-04DA-48B9-74EC02B79E3C}.Debug|Any CPU.Build.0 = Debug|Any CPU
		{A103607C-56AD-04DA-48B9-74EC02B79E3C}.Release|Any CPU.ActiveCfg = Release|Any CPU
		{A103607C-56AD-04DA-48B9-74EC02B79E3C}.Release|Any CPU.Build.0 = Release|Any CPU
		{8004D630-AE38-E409-4742-D7E10F2E7030}.Debug|Any CPU.ActiveCfg = Debug|Any CPU
		{8004D630-AE38-E409-4742-D7E10F2E7030}.Debug|Any CPU.Build.0 = Debug|Any CPU
		{8004D630-AE38-E409-4742-D7E10F2E7030}.Release|Any CPU.ActiveCfg = Release|Any CPU
		{8004D630-AE38-E409-4742-D7E10F2E7030}.Release|Any CPU.Build.0 = Release|Any CPU
		{C089CBA0-5CE3-56BF-8E71-9AE6260D33C2}.Debug|Any CPU.ActiveCfg = Debug|Any CPU
		{C089CBA0-5CE3-56BF-8E71-9AE6260D33C2}.Debug|Any CPU.Build.0 = Debug|Any CPU
		{C089CBA0-5CE3-56BF-8E71-9AE6260D33C2}.Release|Any CPU.ActiveCfg = Release|Any CPU
		{C089CBA0-5CE3-56BF-8E71-9AE6260D33C2}.Release|Any CPU.Build.0 = Release|Any CPU
		{7CCD1C45-9F60-27A4-F6AD-4882E7A5500A}.Debug|Any CPU.ActiveCfg = Debug|Any CPU
		{7CCD1C45-9F60-27A4-F6AD-4882E7A5500A}.Debug|Any CPU.Build.0 = Debug|Any CPU
		{7CCD1C45-9F60-27A4-F6AD-4882E7A5500A}.Release|Any CPU.ActiveCfg = Release|Any CPU
		{7CCD1C45-9F60-27A4-F6AD-4882E7A5500A}.Release|Any CPU.Build.0 = Release|Any CPU
		{A975588F-D6A1-F07A-5B5F-722795E106CC}.Debug|Any CPU.ActiveCfg = Debug|Any CPU
		{A975588F-D6A1-F07A-5B5F-722795E106CC}.Debug|Any CPU.Build.0 = Debug|Any CPU
		{A975588F-D6A1-F07A-5B5F-722795E106CC}.Release|Any CPU.ActiveCfg = Release|Any CPU
		{A975588F-D6A1-F07A-5B5F-722795E106CC}.Release|Any CPU.Build.0 = Release|Any CPU
		{7DA21165-20D6-6371-4E92-A3295BDBF907}.Debug|Any CPU.ActiveCfg = Debug|Any CPU
		{7DA21165-20D6-6371-4E92-A3295BDBF907}.Debug|Any CPU.Build.0 = Debug|Any CPU
		{7DA21165-20D6-6371-4E92-A3295BDBF907}.Release|Any CPU.ActiveCfg = Release|Any CPU
		{7DA21165-20D6-6371-4E92-A3295BDBF907}.Release|Any CPU.Build.0 = Release|Any CPU
		{B0F7AE6E-6C2F-7A4F-B603-04BE4D03FDD0}.Debug|Any CPU.ActiveCfg = Debug|Any CPU
		{B0F7AE6E-6C2F-7A4F-B603-04BE4D03FDD0}.Debug|Any CPU.Build.0 = Debug|Any CPU
		{B0F7AE6E-6C2F-7A4F-B603-04BE4D03FDD0}.Release|Any CPU.ActiveCfg = Release|Any CPU
		{B0F7AE6E-6C2F-7A4F-B603-04BE4D03FDD0}.Release|Any CPU.Build.0 = Release|Any CPU
		{135FD907-6EEA-1B91-E314-F5D6065CFCB8}.Debug|Any CPU.ActiveCfg = Debug|Any CPU
		{135FD907-6EEA-1B91-E314-F5D6065CFCB8}.Debug|Any CPU.Build.0 = Debug|Any CPU
		{135FD907-6EEA-1B91-E314-F5D6065CFCB8}.Release|Any CPU.ActiveCfg = Release|Any CPU
		{135FD907-6EEA-1B91-E314-F5D6065CFCB8}.Release|Any CPU.Build.0 = Release|Any CPU
		{90CF8320-1373-5ACA-AA7C-749B05CAF167}.Debug|Any CPU.ActiveCfg = Debug|Any CPU
		{90CF8320-1373-5ACA-AA7C-749B05CAF167}.Debug|Any CPU.Build.0 = Debug|Any CPU
		{90CF8320-1373-5ACA-AA7C-749B05CAF167}.Release|Any CPU.ActiveCfg = Release|Any CPU
		{90CF8320-1373-5ACA-AA7C-749B05CAF167}.Release|Any CPU.Build.0 = Release|Any CPU
		{F54D7FFB-FD54-9309-CC66-F5619FCBDB93}.Debug|Any CPU.ActiveCfg = Debug|Any CPU
		{F54D7FFB-FD54-9309-CC66-F5619FCBDB93}.Debug|Any CPU.Build.0 = Debug|Any CPU
		{F54D7FFB-FD54-9309-CC66-F5619FCBDB93}.Release|Any CPU.ActiveCfg = Release|Any CPU
		{F54D7FFB-FD54-9309-CC66-F5619FCBDB93}.Release|Any CPU.Build.0 = Release|Any CPU
		{2FCCA98E-C032-4A2D-A761-29D965C8C4B5}.Debug|Any CPU.ActiveCfg = Debug|Any CPU
		{2FCCA98E-C032-4A2D-A761-29D965C8C4B5}.Debug|Any CPU.Build.0 = Debug|Any CPU
		{2FCCA98E-C032-4A2D-A761-29D965C8C4B5}.Release|Any CPU.ActiveCfg = Release|Any CPU
		{2FCCA98E-C032-4A2D-A761-29D965C8C4B5}.Release|Any CPU.Build.0 = Release|Any CPU
		{5144D990-8F7C-8549-C194-A396E079707E}.Debug|Any CPU.ActiveCfg = Debug|Any CPU
		{5144D990-8F7C-8549-C194-A396E079707E}.Debug|Any CPU.Build.0 = Debug|Any CPU
		{5144D990-8F7C-8549-C194-A396E079707E}.Release|Any CPU.ActiveCfg = Release|Any CPU
		{5144D990-8F7C-8549-C194-A396E079707E}.Release|Any CPU.Build.0 = Release|Any CPU
		{0CAC57ED-9D7C-92E8-FB63-1D4E8C9BA19A}.Debug|Any CPU.ActiveCfg = Debug|Any CPU
		{0CAC57ED-9D7C-92E8-FB63-1D4E8C9BA19A}.Debug|Any CPU.Build.0 = Debug|Any CPU
		{0CAC57ED-9D7C-92E8-FB63-1D4E8C9BA19A}.Release|Any CPU.ActiveCfg = Release|Any CPU
		{0CAC57ED-9D7C-92E8-FB63-1D4E8C9BA19A}.Release|Any CPU.Build.0 = Release|Any CPU
		{E00C3A57-9DE7-5299-0444-169D15516699}.Debug|Any CPU.ActiveCfg = Debug|Any CPU
		{E00C3A57-9DE7-5299-0444-169D15516699}.Debug|Any CPU.Build.0 = Debug|Any CPU
		{E00C3A57-9DE7-5299-0444-169D15516699}.Release|Any CPU.ActiveCfg = Release|Any CPU
		{E00C3A57-9DE7-5299-0444-169D15516699}.Release|Any CPU.Build.0 = Release|Any CPU
		{EB85CB46-1435-7882-A16A-1B37669ECACD}.Debug|Any CPU.ActiveCfg = Debug|Any CPU
		{EB85CB46-1435-7882-A16A-1B37669ECACD}.Debug|Any CPU.Build.0 = Debug|Any CPU
		{EB85CB46-1435-7882-A16A-1B37669ECACD}.Release|Any CPU.ActiveCfg = Release|Any CPU
		{EB85CB46-1435-7882-A16A-1B37669ECACD}.Release|Any CPU.Build.0 = Release|Any CPU
		{7A2920C8-EEF3-41A9-FF6C-3693B1FB092F}.Debug|Any CPU.ActiveCfg = Debug|Any CPU
		{7A2920C8-EEF3-41A9-FF6C-3693B1FB092F}.Debug|Any CPU.Build.0 = Debug|Any CPU
		{7A2920C8-EEF3-41A9-FF6C-3693B1FB092F}.Release|Any CPU.ActiveCfg = Release|Any CPU
		{7A2920C8-EEF3-41A9-FF6C-3693B1FB092F}.Release|Any CPU.Build.0 = Release|Any CPU
		{AC547F74-056D-9A43-A934-84C5295DA664}.Debug|Any CPU.ActiveCfg = Debug|Any CPU
		{AC547F74-056D-9A43-A934-84C5295DA664}.Debug|Any CPU.Build.0 = Debug|Any CPU
		{AC547F74-056D-9A43-A934-84C5295DA664}.Release|Any CPU.ActiveCfg = Release|Any CPU
		{AC547F74-056D-9A43-A934-84C5295DA664}.Release|Any CPU.Build.0 = Release|Any CPU
		{D7BFB5D8-AB51-620D-987C-114B994A3653}.Debug|Any CPU.ActiveCfg = Debug|Any CPU
		{D7BFB5D8-AB51-620D-987C-114B994A3653}.Debug|Any CPU.Build.0 = Debug|Any CPU
		{D7BFB5D8-AB51-620D-987C-114B994A3653}.Release|Any CPU.ActiveCfg = Release|Any CPU
		{D7BFB5D8-AB51-620D-987C-114B994A3653}.Release|Any CPU.Build.0 = Release|Any CPU
		{ECBD35AE-1B2D-471C-CE37-2D98EC9BDC70}.Debug|Any CPU.ActiveCfg = Debug|Any CPU
		{ECBD35AE-1B2D-471C-CE37-2D98EC9BDC70}.Debug|Any CPU.Build.0 = Debug|Any CPU
		{ECBD35AE-1B2D-471C-CE37-2D98EC9BDC70}.Release|Any CPU.ActiveCfg = Release|Any CPU
		{ECBD35AE-1B2D-471C-CE37-2D98EC9BDC70}.Release|Any CPU.Build.0 = Release|Any CPU
		{52B7FA4D-6BFE-1B3D-8768-3305AB4C10C7}.Debug|Any CPU.ActiveCfg = Debug|Any CPU
		{52B7FA4D-6BFE-1B3D-8768-3305AB4C10C7}.Debug|Any CPU.Build.0 = Debug|Any CPU
		{52B7FA4D-6BFE-1B3D-8768-3305AB4C10C7}.Release|Any CPU.ActiveCfg = Release|Any CPU
		{52B7FA4D-6BFE-1B3D-8768-3305AB4C10C7}.Release|Any CPU.Build.0 = Release|Any CPU
		{F15A97F7-C2EB-99BD-A087-1CBD3394D248}.Debug|Any CPU.ActiveCfg = Debug|Any CPU
		{F15A97F7-C2EB-99BD-A087-1CBD3394D248}.Debug|Any CPU.Build.0 = Debug|Any CPU
		{F15A97F7-C2EB-99BD-A087-1CBD3394D248}.Release|Any CPU.ActiveCfg = Release|Any CPU
		{F15A97F7-C2EB-99BD-A087-1CBD3394D248}.Release|Any CPU.Build.0 = Release|Any CPU
		{F48E3529-5E3C-CA32-19C8-009A09C6CBBF}.Debug|Any CPU.ActiveCfg = Debug|Any CPU
		{F48E3529-5E3C-CA32-19C8-009A09C6CBBF}.Debug|Any CPU.Build.0 = Debug|Any CPU
		{F48E3529-5E3C-CA32-19C8-009A09C6CBBF}.Release|Any CPU.ActiveCfg = Release|Any CPU
		{F48E3529-5E3C-CA32-19C8-009A09C6CBBF}.Release|Any CPU.Build.0 = Release|Any CPU
		{5C058A33-2925-B0D6-D225-A29FDC845B4C}.Debug|Any CPU.ActiveCfg = Debug|Any CPU
		{5C058A33-2925-B0D6-D225-A29FDC845B4C}.Debug|Any CPU.Build.0 = Debug|Any CPU
		{5C058A33-2925-B0D6-D225-A29FDC845B4C}.Release|Any CPU.ActiveCfg = Release|Any CPU
		{5C058A33-2925-B0D6-D225-A29FDC845B4C}.Release|Any CPU.Build.0 = Release|Any CPU
	EndGlobalSection
	GlobalSection(SolutionProperties) = preSolution
		HideSolutionNode = FALSE
	EndGlobalSection
EndGlobal
