
Microsoft Visual Studio Solution File, Format Version 12.00
# Visual Studio 15
Project("{FAE04EC0-301F-11D3-BF4B-00C04F79EFBC}") = "Shared", "Shared.csproj", "{A975588F-D6A1-F07A-5B5F-722795E106CC}"
EndProject
Project("{FAE04EC0-301F-11D3-BF4B-00C04F79EFBC}") = "Client", "Client.csproj", "{AC547F74-056D-9A43-A934-84C5295DA664}"
EndProject
Project("{FAE04EC0-301F-11D3-BF4B-00C04F79EFBC}") = "EditModeTests", "EditModeTests.csproj", "{ECBD35AE-1B2D-471C-CE37-2D98EC9BDC70}"
EndProject
Project("{FAE04EC0-301F-11D3-BF4B-00C04F79EFBC}") = "PlayModeTests", "PlayModeTests.csproj", "{F15A97F7-C2EB-99BD-A087-1CBD3394D248}"
EndProject
Project("{FAE04EC0-301F-11D3-BF4B-00C04F79EFBC}") = "Server", "Server\Server\Server\Server.csproj", "{F48E3529-5E3C-CA32-19C8-009A09C6CBBF}"
	ProjectSection(ProjectDependencies) = postProject
		{5C058A33-2925-B0D6-D225-A29FDC845B4C} = {5C058A33-2925-B0D6-D225-A29FDC845B4C}
	EndProjectSection
EndProject
Project("{FAE04EC0-301F-11D3-BF4B-00C04F79EFBC}") = "Shared_Lib", "Assets\Scripts\Shared\Shared_Lib.csproj", "{5C058A33-2925-B0D6-D225-A29FDC845B4C}"
EndProject
Global
	GlobalSection(SolutionConfigurationPlatforms) = preSolution
		Debug|Any CPU = Debug|Any CPU
		Release|Any CPU = Release|Any CPU
	EndGlobalSection
	GlobalSection(ProjectConfigurationPlatforms) = postSolution
		{A975588F-D6A1-F07A-5B5F-722795E106CC}.Debug|Any CPU.ActiveCfg = Debug|Any CPU
		{A975588F-D6A1-F07A-5B5F-722795E106CC}.Debug|Any CPU.Build.0 = Debug|Any CPU
		{A975588F-D6A1-F07A-5B5F-722795E106CC}.Release|Any CPU.ActiveCfg = Release|Any CPU
		{A975588F-D6A1-F07A-5B5F-722795E106CC}.Release|Any CPU.Build.0 = Release|Any CPU
		{AC547F74-056D-9A43-A934-84C5295DA664}.Debug|Any CPU.ActiveCfg = Debug|Any CPU
		{AC547F74-056D-9A43-A934-84C5295DA664}.Debug|Any CPU.Build.0 = Debug|Any CPU
		{AC547F74-056D-9A43-A934-84C5295DA664}.Release|Any CPU.ActiveCfg = Release|Any CPU
		{AC547F74-056D-9A43-A934-84C5295DA664}.Release|Any CPU.Build.0 = Release|Any CPU
		{ECBD35AE-1B2D-471C-CE37-2D98EC9BDC70}.Debug|Any CPU.ActiveCfg = Debug|Any CPU
		{ECBD35AE-1B2D-471C-CE37-2D98EC9BDC70}.Debug|Any CPU.Build.0 = Debug|Any CPU
		{ECBD35AE-1B2D-471C-CE37-2D98EC9BDC70}.Release|Any CPU.ActiveCfg = Release|Any CPU
		{ECBD35AE-1B2D-471C-CE37-2D98EC9BDC70}.Release|Any CPU.Build.0 = Release|Any CPU
		{F15A97F7-C2EB-99BD-A087-1CBD3394D248}.Debug|Any CPU.ActiveCfg = Debug|Any CPU
		{F15A97F7-C2EB-99BD-A087-1CBD3394D248}.Debug|Any CPU.Build.0 = Debug|Any CPU
		{F15A97F7-C2EB-99BD-A087-1CBD3394D248}.Release|Any CPU.ActiveCfg = Release|Any CPU
		{F15A97F7-C2EB-99BD-A087-1CBD3394D248}.Release|Any CPU.Build.0 = Release|Any CPU
		{F48E3529-5E3C-CA32-19C8-009A09C6CBBF}.Debug|Any CPU.ActiveCfg = Debug|Any CPU
		{F48E3529-5E3C-CA32-19C8-009A09C6CBBF}.Debug|Any CPU.Build.0 = Debug|Any CPU
		{F48E3529-5E3C-CA32-19C8-009A09C6CBBF}.Release|Any CPU.ActiveCfg = Release|Any CPU
		{F48E3529-5E3C-CA32-19C8-009A09C6CBBF}.Release|Any CPU.Build.0 = Release|Any CPU
		{5C058A33-2925-B0D6-D225-A29FDC845B4C}.Debug|Any CPU.ActiveCfg = Debug|Any CPU
		{5C058A33-2925-B0D6-D225-A29FDC845B4C}.Debug|Any CPU.Build.0 = Debug|Any CPU
		{5C058A33-2925-B0D6-D225-A29FDC845B4C}.Release|Any CPU.ActiveCfg = Release|Any CPU
		{5C058A33-2925-B0D6-D225-A29FDC845B4C}.Release|Any CPU.Build.0 = Release|Any CPU
	EndGlobalSection
	GlobalSection(SolutionProperties) = preSolution
		HideSolutionNode = FALSE
	EndGlobalSection
EndGlobal
